// !$*UTF8*$!
{
	archiveVersion = 1;
	classes = {
	};
	objectVersion = 50;
	objects = {

/* Begin PBXBuildFile section */
		238AA98323DCE92600550603 /* AppDelegate.swift in Sources */ = {isa = PBXBuildFile; fileRef = 238AA98223DCE92600550603 /* AppDelegate.swift */; };
		238AA98523DCE92600550603 /* FirstViewController.swift in Sources */ = {isa = PBXBuildFile; fileRef = 238AA98423DCE92600550603 /* FirstViewController.swift */; };
		238AA98723DCE92600550603 /* newsView.swift in Sources */ = {isa = PBXBuildFile; fileRef = 238AA98623DCE92600550603 /* newsView.swift */; };
		238AA98A23DCE92600550603 /* Main.storyboard in Resources */ = {isa = PBXBuildFile; fileRef = 238AA98823DCE92600550603 /* Main.storyboard */; };
		238AA98C23DCE92600550603 /* Assets.xcassets in Resources */ = {isa = PBXBuildFile; fileRef = 238AA98B23DCE92600550603 /* Assets.xcassets */; };
		238AA98F23DCE92600550603 /* LaunchScreen.storyboard in Resources */ = {isa = PBXBuildFile; fileRef = 238AA98D23DCE92600550603 /* LaunchScreen.storyboard */; };
		238AA99723DD023900550603 /* CategoryTableViewCell.swift in Sources */ = {isa = PBXBuildFile; fileRef = 238AA99623DD023900550603 /* CategoryTableViewCell.swift */; };
		238AA99B23DD036300550603 /* Category.swift in Sources */ = {isa = PBXBuildFile; fileRef = 238AA99A23DD036300550603 /* Category.swift */; };
		238AA99E23DD09CD00550603 /* CategoryTableViewController.swift in Sources */ = {isa = PBXBuildFile; fileRef = 238AA99C23DD09CD00550603 /* CategoryTableViewController.swift */; };
		238AA99F23DD09CD00550603 /* CategoryTableViewController.xib in Resources */ = {isa = PBXBuildFile; fileRef = 238AA99D23DD09CD00550603 /* CategoryTableViewController.xib */; };
		238AA9A523DD74A100550603 /* ConcernSubmit.swift in Sources */ = {isa = PBXBuildFile; fileRef = 238AA9A423DD74A100550603 /* ConcernSubmit.swift */; };
/* End PBXBuildFile section */

/* Begin PBXFileReference section */
		238AA97F23DCE92600550603 /* WeVote.app */ = {isa = PBXFileReference; explicitFileType = wrapper.application; includeInIndex = 0; path = WeVote.app; sourceTree = BUILT_PRODUCTS_DIR; };
		238AA98223DCE92600550603 /* AppDelegate.swift */ = {isa = PBXFileReference; lastKnownFileType = sourcecode.swift; path = AppDelegate.swift; sourceTree = "<group>"; };
		238AA98423DCE92600550603 /* FirstViewController.swift */ = {isa = PBXFileReference; lastKnownFileType = sourcecode.swift; path = FirstViewController.swift; sourceTree = "<group>"; };
		238AA98623DCE92600550603 /* newsView.swift */ = {isa = PBXFileReference; lastKnownFileType = sourcecode.swift; path = newsView.swift; sourceTree = "<group>"; };
		238AA98923DCE92600550603 /* Base */ = {isa = PBXFileReference; lastKnownFileType = file.storyboard; name = Base; path = Base.lproj/Main.storyboard; sourceTree = "<group>"; };
		238AA98B23DCE92600550603 /* Assets.xcassets */ = {isa = PBXFileReference; lastKnownFileType = folder.assetcatalog; path = Assets.xcassets; sourceTree = "<group>"; };
		238AA98E23DCE92600550603 /* Base */ = {isa = PBXFileReference; lastKnownFileType = file.storyboard; name = Base; path = Base.lproj/LaunchScreen.storyboard; sourceTree = "<group>"; };
		238AA99023DCE92600550603 /* Info.plist */ = {isa = PBXFileReference; lastKnownFileType = text.plist.xml; path = Info.plist; sourceTree = "<group>"; };
		238AA99623DD023900550603 /* CategoryTableViewCell.swift */ = {isa = PBXFileReference; lastKnownFileType = sourcecode.swift; name = CategoryTableViewCell.swift; path = WeVote/CategoryTableViewCell.swift; sourceTree = "<group>"; };
		238AA99A23DD036300550603 /* Category.swift */ = {isa = PBXFileReference; lastKnownFileType = sourcecode.swift; path = Category.swift; sourceTree = "<group>"; };
		238AA99C23DD09CD00550603 /* CategoryTableViewController.swift */ = {isa = PBXFileReference; lastKnownFileType = sourcecode.swift; path = CategoryTableViewController.swift; sourceTree = "<group>"; };
		238AA99D23DD09CD00550603 /* CategoryTableViewController.xib */ = {isa = PBXFileReference; lastKnownFileType = file.xib; path = CategoryTableViewController.xib; sourceTree = "<group>"; };
		238AA9A423DD74A100550603 /* ConcernSubmit.swift */ = {isa = PBXFileReference; lastKnownFileType = sourcecode.swift; path = ConcernSubmit.swift; sourceTree = "<group>"; };
/* End PBXFileReference section */

/* Begin PBXFrameworksBuildPhase section */
		238AA97C23DCE92600550603 /* Frameworks */ = {
			isa = PBXFrameworksBuildPhase;
			buildActionMask = 2147483647;
			files = (
			);
			runOnlyForDeploymentPostprocessing = 0;
		};
/* End PBXFrameworksBuildPhase section */

/* Begin PBXGroup section */
		238AA97623DCE92600550603 = {
			isa = PBXGroup;
			children = (
				238AA99623DD023900550603 /* CategoryTableViewCell.swift */,
				238AA98123DCE92600550603 /* WeVote */,
				238AA98023DCE92600550603 /* Products */,
			);
			sourceTree = "<group>";
		};
		238AA98023DCE92600550603 /* Products */ = {
			isa = PBXGroup;
			children = (
				238AA97F23DCE92600550603 /* WeVote.app */,
			);
			name = Products;
			sourceTree = "<group>";
		};
		238AA98123DCE92600550603 /* WeVote */ = {
			isa = PBXGroup;
			children = (
				238AA98223DCE92600550603 /* AppDelegate.swift */,
				238AA98423DCE92600550603 /* FirstViewController.swift */,
				238AA98623DCE92600550603 /* newsView.swift */,
				238AA98823DCE92600550603 /* Main.storyboard */,
				238AA9A423DD74A100550603 /* ConcernSubmit.swift */,
				238AA99C23DD09CD00550603 /* CategoryTableViewController.swift */,
				238AA99D23DD09CD00550603 /* CategoryTableViewController.xib */,
				238AA99A23DD036300550603 /* Category.swift */,
				238AA98B23DCE92600550603 /* Assets.xcassets */,
				238AA98D23DCE92600550603 /* LaunchScreen.storyboard */,
				238AA99023DCE92600550603 /* Info.plist */,
			);
			path = WeVote;
			sourceTree = "<group>";
		};
/* End PBXGroup section */

/* Begin PBXNativeTarget section */
		238AA97E23DCE92600550603 /* WeVote */ = {
			isa = PBXNativeTarget;
			buildConfigurationList = 238AA99323DCE92600550603 /* Build configuration list for PBXNativeTarget "WeVote" */;
			buildPhases = (
				238AA97B23DCE92600550603 /* Sources */,
				238AA97C23DCE92600550603 /* Frameworks */,
				238AA97D23DCE92600550603 /* Resources */,
			);
			buildRules = (
			);
			dependencies = (
			);
			name = WeVote;
			productName = WeVote;
			productReference = 238AA97F23DCE92600550603 /* WeVote.app */;
			productType = "com.apple.product-type.application";
		};
/* End PBXNativeTarget section */

/* Begin PBXProject section */
		238AA97723DCE92600550603 /* Project object */ = {
			isa = PBXProject;
			attributes = {
				LastSwiftUpdateCheck = 1030;
				LastUpgradeCheck = 1030;
				ORGANIZATIONNAME = SCSUHackIt;
				TargetAttributes = {
					238AA97E23DCE92600550603 = {
						CreatedOnToolsVersion = 10.3;
					};
				};
			};
			buildConfigurationList = 238AA97A23DCE92600550603 /* Build configuration list for PBXProject "WeVote" */;
			compatibilityVersion = "Xcode 9.3";
			developmentRegion = en;
			hasScannedForEncodings = 0;
			knownRegions = (
				en,
				Base,
			);
			mainGroup = 238AA97623DCE92600550603;
			productRefGroup = 238AA98023DCE92600550603 /* Products */;
			projectDirPath = "";
			projectRoot = "";
			targets = (
				238AA97E23DCE92600550603 /* WeVote */,
			);
		};
/* End PBXProject section */

/* Begin PBXResourcesBuildPhase section */
		238AA97D23DCE92600550603 /* Resources */ = {
			isa = PBXResourcesBuildPhase;
			buildActionMask = 2147483647;
			files = (
				238AA98F23DCE92600550603 /* LaunchScreen.storyboard in Resources */,
				238AA99F23DD09CD00550603 /* CategoryTableViewController.xib in Resources */,
				238AA98C23DCE92600550603 /* Assets.xcassets in Resources */,
				238AA98A23DCE92600550603 /* Main.storyboard in Resources */,
			);
			runOnlyForDeploymentPostprocessing = 0;
		};
/* End PBXResourcesBuildPhase section */

/* Begin PBXSourcesBuildPhase section */
		238AA97B23DCE92600550603 /* Sources */ = {
			isa = PBXSourcesBuildPhase;
			buildActionMask = 2147483647;
			files = (
				238AA98723DCE92600550603 /* newsView.swift in Sources */,
				238AA99B23DD036300550603 /* Category.swift in Sources */,
				238AA98323DCE92600550603 /* AppDelegate.swift in Sources */,
				238AA98523DCE92600550603 /* FirstViewController.swift in Sources */,
				238AA99723DD023900550603 /* CategoryTableViewCell.swift in Sources */,
				238AA99E23DD09CD00550603 /* CategoryTableViewController.swift in Sources */,
				238AA9A523DD74A100550603 /* ConcernSubmit.swift in Sources */,
			);
			runOnlyForDeploymentPostprocessing = 0;
		};
/* End PBXSourcesBuildPhase section */

/* Begin PBXVariantGroup section */
		238AA98823DCE92600550603 /* Main.storyboard */ = {
			isa = PBXVariantGroup;
			children = (
				238AA98923DCE92600550603 /* Base */,
			);
			name = Main.storyboard;
			sourceTree = "<group>";
		};
		238AA98D23DCE92600550603 /* LaunchScreen.storyboard */ = {
			isa = PBXVariantGroup;
			children = (
				238AA98E23DCE92600550603 /* Base */,
			);
			name = LaunchScreen.storyboard;
			sourceTree = "<group>";
		};
/* End PBXVariantGroup section */

/* Begin XCBuildConfiguration section */
		238AA99123DCE92600550603 /* Debug */ = {
			isa = XCBuildConfiguration;
			buildSettings = {
				ALWAYS_SEARCH_USER_PATHS = NO;
				CLANG_ANALYZER_NONNULL = YES;
				CLANG_ANALYZER_NUMBER_OBJECT_CONVERSION = YES_AGGRESSIVE;
				CLANG_CXX_LANGUAGE_STANDARD = "gnu++14";
				CLANG_CXX_LIBRARY = "libc++";
				CLANG_ENABLE_MODULES = YES;
				CLANG_ENABLE_OBJC_ARC = YES;
				CLANG_ENABLE_OBJC_WEAK = YES;
				CLANG_WARN_BLOCK_CAPTURE_AUTORELEASING = YES;
				CLANG_WARN_BOOL_CONVERSION = YES;
				CLANG_WARN_COMMA = YES;
				CLANG_WARN_CONSTANT_CONVERSION = YES;
				CLANG_WARN_DEPRECATED_OBJC_IMPLEMENTATIONS = YES;
				CLANG_WARN_DIRECT_OBJC_ISA_USAGE = YES_ERROR;
				CLANG_WARN_DOCUMENTATION_COMMENTS = YES;
				CLANG_WARN_EMPTY_BODY = YES;
				CLANG_WARN_ENUM_CONVERSION = YES;
				CLANG_WARN_INFINITE_RECURSION = YES;
				CLANG_WARN_INT_CONVERSION = YES;
				CLANG_WARN_NON_LITERAL_NULL_CONVERSION = YES;
				CLANG_WARN_OBJC_IMPLICIT_RETAIN_SELF = YES;
				CLANG_WARN_OBJC_LITERAL_CONVERSION = YES;
				CLANG_WARN_OBJC_ROOT_CLASS = YES_ERROR;
				CLANG_WARN_RANGE_LOOP_ANALYSIS = YES;
				CLANG_WARN_STRICT_PROTOTYPES = YES;
				CLANG_WARN_SUSPICIOUS_MOVE = YES;
				CLANG_WARN_UNGUARDED_AVAILABILITY = YES_AGGRESSIVE;
				CLANG_WARN_UNREACHABLE_CODE = YES;
				CLANG_WARN__DUPLICATE_METHOD_MATCH = YES;
				CODE_SIGN_IDENTITY = "iPhone Developer";
				COPY_PHASE_STRIP = NO;
				DEBUG_INFORMATION_FORMAT = dwarf;
				ENABLE_STRICT_OBJC_MSGSEND = YES;
				ENABLE_TESTABILITY = YES;
				GCC_C_LANGUAGE_STANDARD = gnu11;
				GCC_DYNAMIC_NO_PIC = NO;
				GCC_NO_COMMON_BLOCKS = YES;
				GCC_OPTIMIZATION_LEVEL = 0;
				GCC_PREPROCESSOR_DEFINITIONS = (
					"DEBUG=1",
					"$(inherited)",
				);
				GCC_WARN_64_TO_32_BIT_CONVERSION = YES;
				GCC_WARN_ABOUT_RETURN_TYPE = YES_ERROR;
				GCC_WARN_UNDECLARED_SELECTOR = YES;
				GCC_WARN_UNINITIALIZED_AUTOS = YES_AGGRESSIVE;
				GCC_WARN_UNUSED_FUNCTION = YES;
				GCC_WARN_UNUSED_VARIABLE = YES;
				IPHONEOS_DEPLOYMENT_TARGET = 12.4;
				MTL_ENABLE_DEBUG_INFO = INCLUDE_SOURCE;
				MTL_FAST_MATH = YES;
				ONLY_ACTIVE_ARCH = YES;
				SDKROOT = iphoneos;
				SWIFT_ACTIVE_COMPILATION_CONDITIONS = DEBUG;
				SWIFT_OPTIMIZATION_LEVEL = "-Onone";
			};
			name = Debug;
		};
		238AA99223DCE92600550603 /* Release */ = {
			isa = XCBuildConfiguration;
			buildSettings = {
				ALWAYS_SEARCH_USER_PATHS = NO;
				CLANG_ANALYZER_NONNULL = YES;
				CLANG_ANALYZER_NUMBER_OBJECT_CONVERSION = YES_AGGRESSIVE;
				CLANG_CXX_LANGUAGE_STANDARD = "gnu++14";
				CLANG_CXX_LIBRARY = "libc++";
				CLANG_ENABLE_MODULES = YES;
				CLANG_ENABLE_OBJC_ARC = YES;
				CLANG_ENABLE_OBJC_WEAK = YES;
				CLANG_WARN_BLOCK_CAPTURE_AUTORELEASING = YES;
				CLANG_WARN_BOOL_CONVERSION = YES;
				CLANG_WARN_COMMA = YES;
				CLANG_WARN_CONSTANT_CONVERSION = YES;
				CLANG_WARN_DEPRECATED_OBJC_IMPLEMENTATIONS = YES;
				CLANG_WARN_DIRECT_OBJC_ISA_USAGE = YES_ERROR;
				CLANG_WARN_DOCUMENTATION_COMMENTS = YES;
				CLANG_WARN_EMPTY_BODY = YES;
				CLANG_WARN_ENUM_CONVERSION = YES;
				CLANG_WARN_INFINITE_RECURSION = YES;
				CLANG_WARN_INT_CONVERSION = YES;
				CLANG_WARN_NON_LITERAL_NULL_CONVERSION = YES;
				CLANG_WARN_OBJC_IMPLICIT_RETAIN_SELF = YES;
				CLANG_WARN_OBJC_LITERAL_CONVERSION = YES;
				CLANG_WARN_OBJC_ROOT_CLASS = YES_ERROR;
				CLANG_WARN_RANGE_LOOP_ANALYSIS = YES;
				CLANG_WARN_STRICT_PROTOTYPES = YES;
				CLANG_WARN_SUSPICIOUS_MOVE = YES;
				CLANG_WARN_UNGUARDED_AVAILABILITY = YES_AGGRESSIVE;
				CLANG_WARN_UNREACHABLE_CODE = YES;
				CLANG_WARN__DUPLICATE_METHOD_MATCH = YES;
				CODE_SIGN_IDENTITY = "iPhone Developer";
				COPY_PHASE_STRIP = NO;
				DEBUG_INFORMATION_FORMAT = "dwarf-with-dsym";
				ENABLE_NS_ASSERTIONS = NO;
				ENABLE_STRICT_OBJC_MSGSEND = YES;
				GCC_C_LANGUAGE_STANDARD = gnu11;
				GCC_NO_COMMON_BLOCKS = YES;
				GCC_WARN_64_TO_32_BIT_CONVERSION = YES;
				GCC_WARN_ABOUT_RETURN_TYPE = YES_ERROR;
				GCC_WARN_UNDECLARED_SELECTOR = YES;
				GCC_WARN_UNINITIALIZED_AUTOS = YES_AGGRESSIVE;
				GCC_WARN_UNUSED_FUNCTION = YES;
				GCC_WARN_UNUSED_VARIABLE = YES;
				IPHONEOS_DEPLOYMENT_TARGET = 12.4;
				MTL_ENABLE_DEBUG_INFO = NO;
				MTL_FAST_MATH = YES;
				SDKROOT = iphoneos;
				SWIFT_COMPILATION_MODE = wholemodule;
				SWIFT_OPTIMIZATION_LEVEL = "-O";
				VALIDATE_PRODUCT = YES;
			};
			name = Release;
		};
		238AA99423DCE92600550603 /* Debug */ = {
			isa = XCBuildConfiguration;
			buildSettings = {
				ASSETCATALOG_COMPILER_APPICON_NAME = AppIcon;
				CODE_SIGN_STYLE = Automatic;
				INFOPLIST_FILE = WeVote/Info.plist;
				LD_RUNPATH_SEARCH_PATHS = (
					"$(inherited)",
					"@executable_path/Frameworks",
				);
				PRODUCT_BUNDLE_IDENTIFIER = com.SCSUHackIt.WeVote;
				PRODUCT_NAME = "$(TARGET_NAME)";
				SWIFT_VERSION = 5.0;
				TARGETED_DEVICE_FAMILY = "1,2";
			};
			name = Debug;
		};
		238AA99523DCE92600550603 /* Release */ = {
			isa = XCBuildConfiguration;
			buildSettings = {
				ASSETCATALOG_COMPILER_APPICON_NAME = AppIcon;
				CODE_SIGN_STYLE = Automatic;
				INFOPLIST_FILE = WeVote/Info.plist;
				LD_RUNPATH_SEARCH_PATHS = (
					"$(inherited)",
					"@executable_path/Frameworks",
				);
				PRODUCT_BUNDLE_IDENTIFIER = com.SCSUHackIt.WeVote;
				PRODUCT_NAME = "$(TARGET_NAME)";
				SWIFT_VERSION = 5.0;
				TARGETED_DEVICE_FAMILY = "1,2";
			};
			name = Release;
		};
/* End XCBuildConfiguration section */

/* Begin XCConfigurationList section */
		238AA97A23DCE92600550603 /* Build configuration list for PBXProject "WeVote" */ = {
			isa = XCConfigurationList;
			buildConfigurations = (
				238AA99123DCE92600550603 /* Debug */,
				238AA99223DCE92600550603 /* Release */,
			);
			defaultConfigurationIsVisible = 0;
			defaultConfigurationName = Release;
		};
		238AA99323DCE92600550603 /* Build configuration list for PBXNativeTarget "WeVote" */ = {
			isa = XCConfigurationList;
			buildConfigurations = (
				238AA99423DCE92600550603 /* Debug */,
				238AA99523DCE92600550603 /* Release */,
			);
			defaultConfigurationIsVisible = 0;
			defaultConfigurationName = Release;
		};
/* End XCConfigurationList section */
	};
	rootObject = 238AA97723DCE92600550603 /* Project object */;
}
